// !$*UTF8*$!
{
	archiveVersion = 1;
	classes = {
	};
	objectVersion = 50;
	objects = {

/* Begin PBXBuildFile section */
		B237C742239069FA001EFEEF /* AppDelegate.swift in Sources */ = {isa = PBXBuildFile; fileRef = B237C741239069FA001EFEEF /* AppDelegate.swift */; };
		B237C744239069FA001EFEEF /* SceneDelegate.swift in Sources */ = {isa = PBXBuildFile; fileRef = B237C743239069FA001EFEEF /* SceneDelegate.swift */; };
		B237C746239069FA001EFEEF /* ContentView.swift in Sources */ = {isa = PBXBuildFile; fileRef = B237C745239069FA001EFEEF /* ContentView.swift */; };
		B237C748239069FD001EFEEF /* Assets.xcassets in Resources */ = {isa = PBXBuildFile; fileRef = B237C747239069FD001EFEEF /* Assets.xcassets */; };
		B237C74B239069FD001EFEEF /* Preview Assets.xcassets in Resources */ = {isa = PBXBuildFile; fileRef = B237C74A239069FD001EFEEF /* Preview Assets.xcassets */; };
		B237C74E239069FD001EFEEF /* LaunchScreen.storyboard in Resources */ = {isa = PBXBuildFile; fileRef = B237C74C239069FD001EFEEF /* LaunchScreen.storyboard */; };
		B237C759239069FD001EFEEF /* SwiftUITestTests.swift in Sources */ = {isa = PBXBuildFile; fileRef = B237C758239069FD001EFEEF /* SwiftUITestTests.swift */; };
		B237C764239069FD001EFEEF /* SwiftUITestUITests.swift in Sources */ = {isa = PBXBuildFile; fileRef = B237C763239069FD001EFEEF /* SwiftUITestUITests.swift */; };
		B29E06B0239671D900C4FFEA /* PersonDetailView.swift in Sources */ = {isa = PBXBuildFile; fileRef = B29E06AF239671D900C4FFEA /* PersonDetailView.swift */; };
/* End PBXBuildFile section */

/* Begin PBXContainerItemProxy section */
		B237C755239069FD001EFEEF /* PBXContainerItemProxy */ = {
			isa = PBXContainerItemProxy;
			containerPortal = B237C736239069FA001EFEEF /* Project object */;
			proxyType = 1;
			remoteGlobalIDString = B237C73D239069FA001EFEEF;
			remoteInfo = SwiftUITest;
		};
		B237C760239069FD001EFEEF /* PBXContainerItemProxy */ = {
			isa = PBXContainerItemProxy;
			containerPortal = B237C736239069FA001EFEEF /* Project object */;
			proxyType = 1;
			remoteGlobalIDString = B237C73D239069FA001EFEEF;
			remoteInfo = SwiftUITest;
		};
/* End PBXContainerItemProxy section */

/* Begin PBXFileReference section */
		B237C73E239069FA001EFEEF /* SwiftUITest.app */ = {isa = PBXFileReference; explicitFileType = wrapper.application; includeInIndex = 0; path = SwiftUITest.app; sourceTree = BUILT_PRODUCTS_DIR; };
		B237C741239069FA001EFEEF /* AppDelegate.swift */ = {isa = PBXFileReference; lastKnownFileType = sourcecode.swift; path = AppDelegate.swift; sourceTree = "<group>"; };
		B237C743239069FA001EFEEF /* SceneDelegate.swift */ = {isa = PBXFileReference; lastKnownFileType = sourcecode.swift; path = SceneDelegate.swift; sourceTree = "<group>"; };
		B237C745239069FA001EFEEF /* ContentView.swift */ = {isa = PBXFileReference; lastKnownFileType = sourcecode.swift; path = ContentView.swift; sourceTree = "<group>"; };
		B237C747239069FD001EFEEF /* Assets.xcassets */ = {isa = PBXFileReference; lastKnownFileType = folder.assetcatalog; path = Assets.xcassets; sourceTree = "<group>"; };
		B237C74A239069FD001EFEEF /* Preview Assets.xcassets */ = {isa = PBXFileReference; lastKnownFileType = folder.assetcatalog; path = "Preview Assets.xcassets"; sourceTree = "<group>"; };
		B237C74D239069FD001EFEEF /* Base */ = {isa = PBXFileReference; lastKnownFileType = file.storyboard; name = Base; path = Base.lproj/LaunchScreen.storyboard; sourceTree = "<group>"; };
		B237C74F239069FD001EFEEF /* Info.plist */ = {isa = PBXFileReference; lastKnownFileType = text.plist.xml; path = Info.plist; sourceTree = "<group>"; };
		B237C754239069FD001EFEEF /* SwiftUITestTests.xctest */ = {isa = PBXFileReference; explicitFileType = wrapper.cfbundle; includeInIndex = 0; path = SwiftUITestTests.xctest; sourceTree = BUILT_PRODUCTS_DIR; };
		B237C758239069FD001EFEEF /* SwiftUITestTests.swift */ = {isa = PBXFileReference; lastKnownFileType = sourcecode.swift; path = SwiftUITestTests.swift; sourceTree = "<group>"; };
		B237C75A239069FD001EFEEF /* Info.plist */ = {isa = PBXFileReference; lastKnownFileType = text.plist.xml; path = Info.plist; sourceTree = "<group>"; };
		B237C75F239069FD001EFEEF /* SwiftUITestUITests.xctest */ = {isa = PBXFileReference; explicitFileType = wrapper.cfbundle; includeInIndex = 0; path = SwiftUITestUITests.xctest; sourceTree = BUILT_PRODUCTS_DIR; };
		B237C763239069FD001EFEEF /* SwiftUITestUITests.swift */ = {isa = PBXFileReference; lastKnownFileType = sourcecode.swift; path = SwiftUITestUITests.swift; sourceTree = "<group>"; };
		B237C765239069FD001EFEEF /* Info.plist */ = {isa = PBXFileReference; lastKnownFileType = text.plist.xml; path = Info.plist; sourceTree = "<group>"; };
		B29E06AF239671D900C4FFEA /* PersonDetailView.swift */ = {isa = PBXFileReference; lastKnownFileType = sourcecode.swift; path = PersonDetailView.swift; sourceTree = "<group>"; };
/* End PBXFileReference section */

/* Begin PBXFrameworksBuildPhase section */
		B237C73B239069FA001EFEEF /* Frameworks */ = {
			isa = PBXFrameworksBuildPhase;
			buildActionMask = 2147483647;
			files = (
			);
			runOnlyForDeploymentPostprocessing = 0;
		};
		B237C751239069FD001EFEEF /* Frameworks */ = {
			isa = PBXFrameworksBuildPhase;
			buildActionMask = 2147483647;
			files = (
			);
			runOnlyForDeploymentPostprocessing = 0;
		};
		B237C75C239069FD001EFEEF /* Frameworks */ = {
			isa = PBXFrameworksBuildPhase;
			buildActionMask = 2147483647;
			files = (
			);
			runOnlyForDeploymentPostprocessing = 0;
		};
/* End PBXFrameworksBuildPhase section */

/* Begin PBXGroup section */
		B237C735239069FA001EFEEF = {
			isa = PBXGroup;
			children = (
				B237C740239069FA001EFEEF /* SwiftUITest */,
				B237C757239069FD001EFEEF /* SwiftUITestTests */,
				B237C762239069FD001EFEEF /* SwiftUITestUITests */,
				B237C73F239069FA001EFEEF /* Products */,
			);
			sourceTree = "<group>";
		};
		B237C73F239069FA001EFEEF /* Products */ = {
			isa = PBXGroup;
			children = (
				B237C73E239069FA001EFEEF /* SwiftUITest.app */,
				B237C754239069FD001EFEEF /* SwiftUITestTests.xctest */,
				B237C75F239069FD001EFEEF /* SwiftUITestUITests.xctest */,
			);
			name = Products;
			sourceTree = "<group>";
		};
		B237C740239069FA001EFEEF /* SwiftUITest */ = {
			isa = PBXGroup;
			children = (
				B237C741239069FA001EFEEF /* AppDelegate.swift */,
				B237C743239069FA001EFEEF /* SceneDelegate.swift */,
				B237C745239069FA001EFEEF /* ContentView.swift */,
				B237C747239069FD001EFEEF /* Assets.xcassets */,
				B237C74C239069FD001EFEEF /* LaunchScreen.storyboard */,
				B237C74F239069FD001EFEEF /* Info.plist */,
				B237C749239069FD001EFEEF /* Preview Content */,
				B29E06AF239671D900C4FFEA /* PersonDetailView.swift */,
			);
			path = SwiftUITest;
			sourceTree = "<group>";
		};
		B237C749239069FD001EFEEF /* Preview Content */ = {
			isa = PBXGroup;
			children = (
				B237C74A239069FD001EFEEF /* Preview Assets.xcassets */,
			);
			path = "Preview Content";
			sourceTree = "<group>";
		};
		B237C757239069FD001EFEEF /* SwiftUITestTests */ = {
			isa = PBXGroup;
			children = (
				B237C758239069FD001EFEEF /* SwiftUITestTests.swift */,
				B237C75A239069FD001EFEEF /* Info.plist */,
			);
			path = SwiftUITestTests;
			sourceTree = "<group>";
		};
		B237C762239069FD001EFEEF /* SwiftUITestUITests */ = {
			isa = PBXGroup;
			children = (
				B237C763239069FD001EFEEF /* SwiftUITestUITests.swift */,
				B237C765239069FD001EFEEF /* Info.plist */,
			);
			path = SwiftUITestUITests;
			sourceTree = "<group>";
		};
/* End PBXGroup section */

/* Begin PBXNativeTarget section */
		B237C73D239069FA001EFEEF /* SwiftUITest */ = {
			isa = PBXNativeTarget;
			buildConfigurationList = B237C768239069FD001EFEEF /* Build configuration list for PBXNativeTarget "SwiftUITest" */;
			buildPhases = (
				B237C73A239069FA001EFEEF /* Sources */,
				B237C73B239069FA001EFEEF /* Frameworks */,
				B237C73C239069FA001EFEEF /* Resources */,
			);
			buildRules = (
			);
			dependencies = (
			);
			name = SwiftUITest;
			productName = SwiftUITest;
			productReference = B237C73E239069FA001EFEEF /* SwiftUITest.app */;
			productType = "com.apple.product-type.application";
		};
		B237C753239069FD001EFEEF /* SwiftUITestTests */ = {
			isa = PBXNativeTarget;
			buildConfigurationList = B237C76B239069FD001EFEEF /* Build configuration list for PBXNativeTarget "SwiftUITestTests" */;
			buildPhases = (
				B237C750239069FD001EFEEF /* Sources */,
				B237C751239069FD001EFEEF /* Frameworks */,
				B237C752239069FD001EFEEF /* Resources */,
			);
			buildRules = (
			);
			dependencies = (
				B237C756239069FD001EFEEF /* PBXTargetDependency */,
			);
			name = SwiftUITestTests;
			productName = SwiftUITestTests;
			productReference = B237C754239069FD001EFEEF /* SwiftUITestTests.xctest */;
			productType = "com.apple.product-type.bundle.unit-test";
		};
		B237C75E239069FD001EFEEF /* SwiftUITestUITests */ = {
			isa = PBXNativeTarget;
			buildConfigurationList = B237C76E239069FD001EFEEF /* Build configuration list for PBXNativeTarget "SwiftUITestUITests" */;
			buildPhases = (
				B237C75B239069FD001EFEEF /* Sources */,
				B237C75C239069FD001EFEEF /* Frameworks */,
				B237C75D239069FD001EFEEF /* Resources */,
			);
			buildRules = (
			);
			dependencies = (
				B237C761239069FD001EFEEF /* PBXTargetDependency */,
			);
			name = SwiftUITestUITests;
			productName = SwiftUITestUITests;
			productReference = B237C75F239069FD001EFEEF /* SwiftUITestUITests.xctest */;
			productType = "com.apple.product-type.bundle.ui-testing";
		};
/* End PBXNativeTarget section */

/* Begin PBXProject section */
		B237C736239069FA001EFEEF /* Project object */ = {
			isa = PBXProject;
			attributes = {
				LastSwiftUpdateCheck = 1120;
				LastUpgradeCheck = 1120;
				ORGANIZATIONNAME = Abdul;
				TargetAttributes = {
					B237C73D239069FA001EFEEF = {
						CreatedOnToolsVersion = 11.2.1;
					};
					B237C753239069FD001EFEEF = {
						CreatedOnToolsVersion = 11.2.1;
						TestTargetID = B237C73D239069FA001EFEEF;
					};
					B237C75E239069FD001EFEEF = {
						CreatedOnToolsVersion = 11.2.1;
						TestTargetID = B237C73D239069FA001EFEEF;
					};
				};
			};
			buildConfigurationList = B237C739239069FA001EFEEF /* Build configuration list for PBXProject "SwiftUITest" */;
			compatibilityVersion = "Xcode 9.3";
			developmentRegion = en;
			hasScannedForEncodings = 0;
			knownRegions = (
				en,
				Base,
			);
			mainGroup = B237C735239069FA001EFEEF;
			productRefGroup = B237C73F239069FA001EFEEF /* Products */;
			projectDirPath = "";
			projectRoot = "";
			targets = (
				B237C73D239069FA001EFEEF /* SwiftUITest */,
				B237C753239069FD001EFEEF /* SwiftUITestTests */,
				B237C75E239069FD001EFEEF /* SwiftUITestUITests */,
			);
		};
/* End PBXProject section */

/* Begin PBXResourcesBuildPhase section */
		B237C73C239069FA001EFEEF /* Resources */ = {
			isa = PBXResourcesBuildPhase;
			buildActionMask = 2147483647;
			files = (
				B237C74E239069FD001EFEEF /* LaunchScreen.storyboard in Resources */,
				B237C74B239069FD001EFEEF /* Preview Assets.xcassets in Resources */,
				B237C748239069FD001EFEEF /* Assets.xcassets in Resources */,
			);
			runOnlyForDeploymentPostprocessing = 0;
		};
		B237C752239069FD001EFEEF /* Resources */ = {
			isa = PBXResourcesBuildPhase;
			buildActionMask = 2147483647;
			files = (
			);
			runOnlyForDeploymentPostprocessing = 0;
		};
		B237C75D239069FD001EFEEF /* Resources */ = {
			isa = PBXResourcesBuildPhase;
			buildActionMask = 2147483647;
			files = (
			);
			runOnlyForDeploymentPostprocessing = 0;
		};
/* End PBXResourcesBuildPhase section */

/* Begin PBXSourcesBuildPhase section */
		B237C73A239069FA001EFEEF /* Sources */ = {
			isa = PBXSourcesBuildPhase;
			buildActionMask = 2147483647;
			files = (
				B237C742239069FA001EFEEF /* AppDelegate.swift in Sources */,
				B237C744239069FA001EFEEF /* SceneDelegate.swift in Sources */,
				B29E06B0239671D900C4FFEA /* PersonDetailView.swift in Sources */,
				B237C746239069FA001EFEEF /* ContentView.swift in Sources */,
			);
			runOnlyForDeploymentPostprocessing = 0;
		};
		B237C750239069FD001EFEEF /* Sources */ = {
			isa = PBXSourcesBuildPhase;
			buildActionMask = 2147483647;
			files = (
				B237C759239069FD001EFEEF /* SwiftUITestTests.swift in Sources */,
			);
			runOnlyForDeploymentPostprocessing = 0;
		};
		B237C75B239069FD001EFEEF /* Sources */ = {
			isa = PBXSourcesBuildPhase;
			buildActionMask = 2147483647;
			files = (
				B237C764239069FD001EFEEF /* SwiftUITestUITests.swift in Sources */,
			);
			runOnlyForDeploymentPostprocessing = 0;
		};
/* End PBXSourcesBuildPhase section */

/* Begin PBXTargetDependency section */
		B237C756239069FD001EFEEF /* PBXTargetDependency */ = {
			isa = PBXTargetDependency;
			target = B237C73D239069FA001EFEEF /* SwiftUITest */;
			targetProxy = B237C755239069FD001EFEEF /* PBXContainerItemProxy */;
		};
		B237C761239069FD001EFEEF /* PBXTargetDependency */ = {
			isa = PBXTargetDependency;
			target = B237C73D239069FA001EFEEF /* SwiftUITest */;
			targetProxy = B237C760239069FD001EFEEF /* PBXContainerItemProxy */;
		};
/* End PBXTargetDependency section */

/* Begin PBXVariantGroup section */
		B237C74C239069FD001EFEEF /* LaunchScreen.storyboard */ = {
			isa = PBXVariantGroup;
			children = (
				B237C74D239069FD001EFEEF /* Base */,
			);
			name = LaunchScreen.storyboard;
			sourceTree = "<group>";
		};
/* End PBXVariantGroup section */

/* Begin XCBuildConfiguration section */
		B237C766239069FD001EFEEF /* Debug */ = {
			isa = XCBuildConfiguration;
			buildSettings = {
				ALWAYS_SEARCH_USER_PATHS = NO;
				CLANG_ANALYZER_NONNULL = YES;
				CLANG_ANALYZER_NUMBER_OBJECT_CONVERSION = YES_AGGRESSIVE;
				CLANG_CXX_LANGUAGE_STANDARD = "gnu++14";
				CLANG_CXX_LIBRARY = "libc++";
				CLANG_ENABLE_MODULES = YES;
				CLANG_ENABLE_OBJC_ARC = YES;
				CLANG_ENABLE_OBJC_WEAK = YES;
				CLANG_WARN_BLOCK_CAPTURE_AUTORELEASING = YES;
				CLANG_WARN_BOOL_CONVERSION = YES;
				CLANG_WARN_COMMA = YES;
				CLANG_WARN_CONSTANT_CONVERSION = YES;
				CLANG_WARN_DEPRECATED_OBJC_IMPLEMENTATIONS = YES;
				CLANG_WARN_DIRECT_OBJC_ISA_USAGE = YES_ERROR;
				CLANG_WARN_DOCUMENTATION_COMMENTS = YES;
				CLANG_WARN_EMPTY_BODY = YES;
				CLANG_WARN_ENUM_CONVERSION = YES;
				CLANG_WARN_INFINITE_RECURSION = YES;
				CLANG_WARN_INT_CONVERSION = YES;
				CLANG_WARN_NON_LITERAL_NULL_CONVERSION = YES;
				CLANG_WARN_OBJC_IMPLICIT_RETAIN_SELF = YES;
				CLANG_WARN_OBJC_LITERAL_CONVERSION = YES;
				CLANG_WARN_OBJC_ROOT_CLASS = YES_ERROR;
				CLANG_WARN_RANGE_LOOP_ANALYSIS = YES;
				CLANG_WARN_STRICT_PROTOTYPES = YES;
				CLANG_WARN_SUSPICIOUS_MOVE = YES;
				CLANG_WARN_UNGUARDED_AVAILABILITY = YES_AGGRESSIVE;
				CLANG_WARN_UNREACHABLE_CODE = YES;
				CLANG_WARN__DUPLICATE_METHOD_MATCH = YES;
				COPY_PHASE_STRIP = NO;
				DEBUG_INFORMATION_FORMAT = dwarf;
				ENABLE_STRICT_OBJC_MSGSEND = YES;
				ENABLE_TESTABILITY = YES;
				GCC_C_LANGUAGE_STANDARD = gnu11;
				GCC_DYNAMIC_NO_PIC = NO;
				GCC_NO_COMMON_BLOCKS = YES;
				GCC_OPTIMIZATION_LEVEL = 0;
				GCC_PREPROCESSOR_DEFINITIONS = (
					"DEBUG=1",
					"$(inherited)",
				);
				GCC_WARN_64_TO_32_BIT_CONVERSION = YES;
				GCC_WARN_ABOUT_RETURN_TYPE = YES_ERROR;
				GCC_WARN_UNDECLARED_SELECTOR = YES;
				GCC_WARN_UNINITIALIZED_AUTOS = YES_AGGRESSIVE;
				GCC_WARN_UNUSED_FUNCTION = YES;
				GCC_WARN_UNUSED_VARIABLE = YES;
				IPHONEOS_DEPLOYMENT_TARGET = 13.2;
				MTL_ENABLE_DEBUG_INFO = INCLUDE_SOURCE;
				MTL_FAST_MATH = YES;
				ONLY_ACTIVE_ARCH = YES;
				SDKROOT = iphoneos;
				SWIFT_ACTIVE_COMPILATION_CONDITIONS = DEBUG;
				SWIFT_OPTIMIZATION_LEVEL = "-Onone";
			};
			name = Debug;
		};
		B237C767239069FD001EFEEF /* Release */ = {
			isa = XCBuildConfiguration;
			buildSettings = {
				ALWAYS_SEARCH_USER_PATHS = NO;
				CLANG_ANALYZER_NONNULL = YES;
				CLANG_ANALYZER_NUMBER_OBJECT_CONVERSION = YES_AGGRESSIVE;
				CLANG_CXX_LANGUAGE_STANDARD = "gnu++14";
				CLANG_CXX_LIBRARY = "libc++";
				CLANG_ENABLE_MODULES = YES;
				CLANG_ENABLE_OBJC_ARC = YES;
				CLANG_ENABLE_OBJC_WEAK = YES;
				CLANG_WARN_BLOCK_CAPTURE_AUTORELEASING = YES;
				CLANG_WARN_BOOL_CONVERSION = YES;
				CLANG_WARN_COMMA = YES;
				CLANG_WARN_CONSTANT_CONVERSION = YES;
				CLANG_WARN_DEPRECATED_OBJC_IMPLEMENTATIONS = YES;
				CLANG_WARN_DIRECT_OBJC_ISA_USAGE = YES_ERROR;
				CLANG_WARN_DOCUMENTATION_COMMENTS = YES;
				CLANG_WARN_EMPTY_BODY = YES;
				CLANG_WARN_ENUM_CONVERSION = YES;
				CLANG_WARN_INFINITE_RECURSION = YES;
				CLANG_WARN_INT_CONVERSION = YES;
				CLANG_WARN_NON_LITERAL_NULL_CONVERSION = YES;
				CLANG_WARN_OBJC_IMPLICIT_RETAIN_SELF = YES;
				CLANG_WARN_OBJC_LITERAL_CONVERSION = YES;
				CLANG_WARN_OBJC_ROOT_CLASS = YES_ERROR;
				CLANG_WARN_RANGE_LOOP_ANALYSIS = YES;
				CLANG_WARN_STRICT_PROTOTYPES = YES;
				CLANG_WARN_SUSPICIOUS_MOVE = YES;
				CLANG_WARN_UNGUARDED_AVAILABILITY = YES_AGGRESSIVE;
				CLANG_WARN_UNREACHABLE_CODE = YES;
				CLANG_WARN__DUPLICATE_METHOD_MATCH = YES;
				COPY_PHASE_STRIP = NO;
				DEBUG_INFORMATION_FORMAT = "dwarf-with-dsym";
				ENABLE_NS_ASSERTIONS = NO;
				ENABLE_STRICT_OBJC_MSGSEND = YES;
				GCC_C_LANGUAGE_STANDARD = gnu11;
				GCC_NO_COMMON_BLOCKS = YES;
				GCC_WARN_64_TO_32_BIT_CONVERSION = YES;
				GCC_WARN_ABOUT_RETURN_TYPE = YES_ERROR;
				GCC_WARN_UNDECLARED_SELECTOR = YES;
				GCC_WARN_UNINITIALIZED_AUTOS = YES_AGGRESSIVE;
				GCC_WARN_UNUSED_FUNCTION = YES;
				GCC_WARN_UNUSED_VARIABLE = YES;
				IPHONEOS_DEPLOYMENT_TARGET = 13.2;
				MTL_ENABLE_DEBUG_INFO = NO;
				MTL_FAST_MATH = YES;
				SDKROOT = iphoneos;
				SWIFT_COMPILATION_MODE = wholemodule;
				SWIFT_OPTIMIZATION_LEVEL = "-O";
				VALIDATE_PRODUCT = YES;
			};
			name = Release;
		};
		B237C769239069FD001EFEEF /* Debug */ = {
			isa = XCBuildConfiguration;
			buildSettings = {
				ASSETCATALOG_COMPILER_APPICON_NAME = AppIcon;
				CODE_SIGN_STYLE = Automatic;
				DEVELOPMENT_ASSET_PATHS = "\"SwiftUITest/Preview Content\"";
				ENABLE_PREVIEWS = YES;
				INFOPLIST_FILE = SwiftUITest/Info.plist;
				LD_RUNPATH_SEARCH_PATHS = (
					"$(inherited)",
					"@executable_path/Frameworks",
				);
				PRODUCT_BUNDLE_IDENTIFIER = com.abdulsamadsyed.SwiftUITest;
				PRODUCT_NAME = "$(TARGET_NAME)";
				SWIFT_VERSION = 5.0;
				TARGETED_DEVICE_FAMILY = "1,2";
			};
			name = Debug;
		};
		B237C76A239069FD001EFEEF /* Release */ = {
			isa = XCBuildConfiguration;
			buildSettings = {
				ASSETCATALOG_COMPILER_APPICON_NAME = AppIcon;
				CODE_SIGN_STYLE = Automatic;
				DEVELOPMENT_ASSET_PATHS = "\"SwiftUITest/Preview Content\"";
				ENABLE_PREVIEWS = YES;
				INFOPLIST_FILE = SwiftUITest/Info.plist;
				LD_RUNPATH_SEARCH_PATHS = (
					"$(inherited)",
					"@executable_path/Frameworks",
				);
				PRODUCT_BUNDLE_IDENTIFIER = com.abdulsamadsyed.SwiftUITest;
				PRODUCT_NAME = "$(TARGET_NAME)";
				SWIFT_VERSION = 5.0;
				TARGETED_DEVICE_FAMILY = "1,2";
			};
			name = Release;
		};
		B237C76C239069FD001EFEEF /* Debug */ = {
			isa = XCBuildConfiguration;
			buildSettings = {
				ALWAYS_EMBED_SWIFT_STANDARD_LIBRARIES = YES;
				BUNDLE_LOADER = "$(TEST_HOST)";
				CODE_SIGN_STYLE = Automatic;
				INFOPLIST_FILE = SwiftUITestTests/Info.plist;
				IPHONEOS_DEPLOYMENT_TARGET = 13.2;
				LD_RUNPATH_SEARCH_PATHS = (
					"$(inherited)",
					"@executable_path/Frameworks",
					"@loader_path/Frameworks",
				);
				PRODUCT_BUNDLE_IDENTIFIER = com.abdulsamadsyed.SwiftUITestTests;
				PRODUCT_NAME = "$(TARGET_NAME)";
				SWIFT_VERSION = 5.0;
				TARGETED_DEVICE_FAMILY = "1,2";
				TEST_HOST = "$(BUILT_PRODUCTS_DIR)/SwiftUITest.app/SwiftUITest";
			};
			name = Debug;
		};
		B237C76D239069FD001EFEEF /* Release */ = {
			isa = XCBuildConfiguration;
			buildSettings = {
				ALWAYS_EMBED_SWIFT_STANDARD_LIBRARIES = YES;
				BUNDLE_LOADER = "$(TEST_HOST)";
				CODE_SIGN_STYLE = Automatic;
				INFOPLIST_FILE = SwiftUITestTests/Info.plist;
				IPHONEOS_DEPLOYMENT_TARGET = 13.2;
				LD_RUNPATH_SEARCH_PATHS = (
					"$(inherited)",
					"@executable_path/Frameworks",
					"@loader_path/Frameworks",
				);
				PRODUCT_BUNDLE_IDENTIFIER = com.abdulsamadsyed.SwiftUITestTests;
				PRODUCT_NAME = "$(TARGET_NAME)";
				SWIFT_VERSION = 5.0;
				TARGETED_DEVICE_FAMILY = "1,2";
				TEST_HOST = "$(BUILT_PRODUCTS_DIR)/SwiftUITest.app/SwiftUITest";
			};
			name = Release;
		};
		B237C76F239069FD001EFEEF /* Debug */ = {
			isa = XCBuildConfiguration;
			buildSettings = {
				ALWAYS_EMBED_SWIFT_STANDARD_LIBRARIES = YES;
				CODE_SIGN_STYLE = Automatic;
				INFOPLIST_FILE = SwiftUITestUITests/Info.plist;
				LD_RUNPATH_SEARCH_PATHS = (
					"$(inherited)",
					"@executable_path/Frameworks",
					"@loader_path/Frameworks",
				);
				PRODUCT_BUNDLE_IDENTIFIER = com.abdulsamadsyed.SwiftUITestUITests;
				PRODUCT_NAME = "$(TARGET_NAME)";
				SWIFT_VERSION = 5.0;
				TARGETED_DEVICE_FAMILY = "1,2";
				TEST_TARGET_NAME = SwiftUITest;
			};
			name = Debug;
		};
		B237C770239069FD001EFEEF /* Release */ = {
			isa = XCBuildConfiguration;
			buildSettings = {
				ALWAYS_EMBED_SWIFT_STANDARD_LIBRARIES = YES;
				CODE_SIGN_STYLE = Automatic;
				INFOPLIST_FILE = SwiftUITestUITests/Info.plist;
				LD_RUNPATH_SEARCH_PATHS = (
					"$(inherited)",
					"@executable_path/Frameworks",
					"@loader_path/Frameworks",
				);
				PRODUCT_BUNDLE_IDENTIFIER = com.abdulsamadsyed.SwiftUITestUITests;
				PRODUCT_NAME = "$(TARGET_NAME)";
				SWIFT_VERSION = 5.0;
				TARGETED_DEVICE_FAMILY = "1,2";
				TEST_TARGET_NAME = SwiftUITest;
			};
			name = Release;
		};
/* End XCBuildConfiguration section */

/* Begin XCConfigurationList section */
		B237C739239069FA001EFEEF /* Build configuration list for PBXProject "SwiftUITest" */ = {
			isa = XCConfigurationList;
			buildConfigurations = (
				B237C766239069FD001EFEEF /* Debug */,
				B237C767239069FD001EFEEF /* Release */,
			);
			defaultConfigurationIsVisible = 0;
			defaultConfigurationName = Release;
		};
		B237C768239069FD001EFEEF /* Build configuration list for PBXNativeTarget "SwiftUITest" */ = {
			isa = XCConfigurationList;
			buildConfigurations = (
				B237C769239069FD001EFEEF /* Debug */,
				B237C76A239069FD001EFEEF /* Release */,
			);
			defaultConfigurationIsVisible = 0;
			defaultConfigurationName = Release;
		};
		B237C76B239069FD001EFEEF /* Build configuration list for PBXNativeTarget "SwiftUITestTests" */ = {
			isa = XCConfigurationList;
			buildConfigurations = (
				B237C76C239069FD001EFEEF /* Debug */,
				B237C76D239069FD001EFEEF /* Release */,
			);
			defaultConfigurationIsVisible = 0;
			defaultConfigurationName = Release;
		};
		B237C76E239069FD001EFEEF /* Build configuration list for PBXNativeTarget "SwiftUITestUITests" */ = {
			isa = XCConfigurationList;
			buildConfigurations = (
				B237C76F239069FD001EFEEF /* Debug */,
				B237C770239069FD001EFEEF /* Release */,
			);
			defaultConfigurationIsVisible = 0;
			defaultConfigurationName = Release;
		};
/* End XCConfigurationList section */
	};
	rootObject = B237C736239069FA001EFEEF /* Project object */;
}
